# @generated by Move, please check-in and do not edit manually.

[move]
version = 2
manifest_digest = "0953ECDAFACC83AC726BFC3E4A564E84747A333ABA2293051DFB220183E241A4"
deps_digest = "F9B494B64F0615AED0E98FC12A85B85ECD2BC5185C22D30E7F67786BB52E507C"
dependencies = [
  { name = "MessageTransmitter" },
  { name = "Sui" },
  { name = "stablecoin" },
  { name = "sui_extensions" },
]

[[move.package]]
name = "MessageTransmitter"
source = { local = "../message_transmitter" }

dependencies = [
  { name = "Sui" },
  { name = "sui_extensions" },
]

[[move.package]]
name = "MoveStdlib"
source = { git = "https://github.com/MystenLabs/sui.git", rev = "a4185da5659d8d299d34e1bb2515ff1f7e32a20a", subdir = "crates/sui-framework/packages/move-stdlib" }

[[move.package]]
name = "Sui"
source = { git = "https://github.com/MystenLabs/sui.git", rev = "a4185da5659d8d299d34e1bb2515ff1f7e32a20a", subdir = "crates/sui-framework/packages/sui-framework" }

dependencies = [
  { name = "MoveStdlib" },
]

[[move.package]]
name = "stablecoin"
source = { local = "../../stablecoin-sui/packages/stablecoin" }

dependencies = [
  { name = "Sui" },
  { name = "sui_extensions" },
]

[[move.package]]
name = "sui_extensions"
source = { local = "../../stablecoin-sui/packages/sui_extensions" }

dependencies = [
  { name = "Sui" },
]

[move.toolchain-version]
compiler-version = "1.34.2"
edition = "2024.beta"
flavor = "sui"

[env]

[env.local]
chain-id = "76f69956"
original-published-id = "0xb6fd62cca8047ac557cb5c9720e4109a0a393c0dd874577e1f295b0e847181b3"
latest-published-id = "0xb6fd62cca8047ac557cb5c9720e4109a0a393c0dd874577e1f295b0e847181b3"
published-version = "1"
