# @generated by Move, please check-in and do not edit manually.

[move]
version = 2
manifest_digest = "51FA05A711E3AE26745CE8380F5DCD657E3B220EA760261E2DCD8E1879174B25"
deps_digest = "3C4103934B1E040BB6B23F1D610B4EF9F2F1166A50A104EADCF77467C004C600"
dependencies = [
  { name = "Sui" },
  { name = "sui_extensions" },
]

[[move.package]]
name = "MoveStdlib"
source = { git = "https://github.com/MystenLabs/sui.git", rev = "a4185da5659d8d299d34e1bb2515ff1f7e32a20a", subdir = "crates/sui-framework/packages/move-stdlib" }

[[move.package]]
name = "Sui"
source = { git = "https://github.com/MystenLabs/sui.git", rev = "a4185da5659d8d299d34e1bb2515ff1f7e32a20a", subdir = "crates/sui-framework/packages/sui-framework" }

dependencies = [
  { name = "MoveStdlib" },
]

[[move.package]]
name = "sui_extensions"
source = { local = "../../stablecoin-sui/packages/sui_extensions" }

dependencies = [
  { name = "Sui" },
]

[move.toolchain-version]
compiler-version = "1.34.2"
edition = "2024.beta"
flavor = "sui"

[env]

[env.local]
chain-id = "76f69956"
original-published-id = "0x70730225d5d6008bcd66fd3eee8e749ab9d61c3c017126d2523bc5d3e1e63c03"
latest-published-id = "0x70730225d5d6008bcd66fd3eee8e749ab9d61c3c017126d2523bc5d3e1e63c03"
published-version = "1"
